
Microsoft Visual Studio Solution File, Format Version 12.00
# Visual Studio Version 17
VisualStudioVersion = 17.14.37516.0
MinimumVisualStudioVersion = 10.0.40219.1
Project("{FAE04EC0-301F-11D3-BF4B-00C04F79EFBC}") = "AttendanceTracker", "AttendanceTracker\AttendanceTracker.csproj", "{D6211360-C466-4B23-94AC-475B100895CC}"
EndProject
Project("{FAE04EC0-301F-11D3-BF4B-00C04F79EFBC}") = "Identity.Service", "UserService\Identity.Service.csproj", "{F82CC2FB-E464-077D-3484-D2C4463D0EA7}"
EndProject
Project("{FAE04EC0-301F-11D3-BF4B-00C04F79EFBC}") = "Printpress.MigrationRunner", "MigrationRunner\Printpress.MigrationRunner.csproj", "{6358B869-FABC-FFEC-61BF-EC2ADF0F1D1F}"
EndProject
Global
	GlobalSection(SolutionConfigurationPlatforms) = preSolution
		Debug|Any CPU = Debug|Any CPU
		Release|Any CPU = Release|Any CPU
	EndGlobalSection
	GlobalSection(ProjectConfigurationPlatforms) = postSolution
		{D6211360-C466-4B23-94AC-475B100895CC}.Debug|Any CPU.ActiveCfg = Debug|Any CPU
		{D6211360-C466-4B23-94AC-475B100895CC}.Debug|Any CPU.Build.0 = Debug|Any CPU
		{D6211360-C466-4B23-94AC-475B100895CC}.Release|Any CPU.ActiveCfg = Release|Any CPU
		{D6211360-C466-4B23-94AC-475B100895CC}.Release|Any CPU.Build.0 = Release|Any CPU
		{F82CC2FB-E464-077D-3484-D2C4463D0EA7}.Debug|Any CPU.ActiveCfg = Debug|Any CPU
		{F82CC2FB-E464-077D-3484-D2C4463D0EA7}.Debug|Any CPU.Build.0 = Debug|Any CPU
		{F82CC2FB-E464-077D-3484-D2C4463D0EA7}.Release|Any CPU.ActiveCfg = Release|Any CPU
		{F82CC2FB-E464-077D-3484-D2C4463D0EA7}.Release|Any CPU.Build.0 = Release|Any CPU
		{6358B869-FABC-FFEC-61BF-EC2ADF0F1D1F}.Debug|Any CPU.ActiveCfg = Debug|Any CPU
		{6358B869-FABC-FFEC-61BF-EC2ADF0F1D1F}.Debug|Any CPU.Build.0 = Debug|Any CPU
		{6358B869-FABC-FFEC-61BF-EC2ADF0F1D1F}.Release|Any CPU.ActiveCfg = Release|Any CPU
		{6358B869-FABC-FFEC-61BF-EC2ADF0F1D1F}.Release|Any CPU.Build.0 = Release|Any CPU
	EndGlobalSection
	GlobalSection(SolutionProperties) = preSolution
		HideSolutionNode = FALSE
	EndGlobalSection
	GlobalSection(ExtensibilityGlobals) = postSolution
		SolutionGuid = {BE119469-BE53-4F45-9B4D-DBE27A3C4A17}
	EndGlobalSection
EndGlobal
